
Microsoft Visual Studio Solution File, Format Version 12.00
# Visual Studio Version 17
VisualStudioVersion = 17.6.33723.286
MinimumVisualStudioVersion = 10.0.40219.1
Project("{FAE04EC0-301F-11D3-BF4B-00C04F79EFBC}") = "system-inventory-management", "system-inventory-management.csproj", "{9BCC1135-492D-4302-941A-0AAAAB5AACD8}"
EndProject
Global
	GlobalSection(SolutionConfigurationPlatforms) = preSolution
		Debug|Any CPU = Debug|Any CPU
		Release|Any CPU = Release|Any CPU
	EndGlobalSection
	GlobalSection(ProjectConfigurationPlatforms) = postSolution
		{9BCC1135-492D-4302-941A-0AAAAB5AACD8}.Debug|Any CPU.ActiveCfg = Debug|Any CPU
		{9BCC1135-492D-4302-941A-0AAAAB5AACD8}.Debug|Any CPU.Build.0 = Debug|Any CPU
		{9BCC1135-492D-4302-941A-0AAAAB5AACD8}.Release|Any CPU.ActiveCfg = Release|Any CPU
		{9BCC1135-492D-4302-941A-0AAAAB5AACD8}.Release|Any CPU.Build.0 = Release|Any CPU
	EndGlobalSection
	GlobalSection(SolutionProperties) = preSolution
		HideSolutionNode = FALSE
	EndGlobalSection
	GlobalSection(ExtensibilityGlobals) = postSolution
		SolutionGuid = {5700D728-73AB-4BDF-9AA8-C409EB273430}
	EndGlobalSection
EndGlobal
